
Microsoft Visual Studio Solution File, Format Version 12.00
# Visual Studio Version 16
VisualStudioVersion = 16.0.29613.14
MinimumVisualStudioVersion = 10.0.40219.1
Project("{9A19103F-16F7-4668-BE54-9A1E7A4F7556}") = "AzurLaneParser", "AzurLaneParser\AzurLaneParser.csproj", "{D94AD4BC-EA3A-412E-B80E-4400121D2DA2}"
EndProject
Global
	GlobalSection(SolutionConfigurationPlatforms) = preSolution
		Debug|Any CPU = Debug|Any CPU
		Release|Any CPU = Release|Any CPU
	EndGlobalSection
	GlobalSection(ProjectConfigurationPlatforms) = postSolution
		{D94AD4BC-EA3A-412E-B80E-4400121D2DA2}.Debug|Any CPU.ActiveCfg = Debug|Any CPU
		{D94AD4BC-EA3A-412E-B80E-4400121D2DA2}.Debug|Any CPU.Build.0 = Debug|Any CPU
		{D94AD4BC-EA3A-412E-B80E-4400121D2DA2}.Release|Any CPU.ActiveCfg = Release|Any CPU
		{D94AD4BC-EA3A-412E-B80E-4400121D2DA2}.Release|Any CPU.Build.0 = Release|Any CPU
	EndGlobalSection
	GlobalSection(SolutionProperties) = preSolution
		HideSolutionNode = FALSE
	EndGlobalSection
	GlobalSection(ExtensibilityGlobals) = postSolution
		SolutionGuid = {191BEF8C-F10E-45AC-B32F-768293E40876}
	EndGlobalSection
EndGlobal
